
Microsoft Visual Studio Solution File, Format Version 12.00
# Visual Studio Version 16
VisualStudioVersion = 16.0.28803.156
MinimumVisualStudioVersion = 10.0.40219.1
Project("{FAE04EC0-301F-11D3-BF4B-00C04F79EFBC}") = "FortniteMacroEdit", "FortniteMacroEdit.csproj", "{D331C719-F0E7-4EDD-ABD2-2A1E88DF0787}"
EndProject
Global
	GlobalSection(SolutionConfigurationPlatforms) = preSolution
		Debug|Any CPU = Debug|Any CPU
		Release|Any CPU = Release|Any CPU
	EndGlobalSection
	GlobalSection(ProjectConfigurationPlatforms) = postSolution
		{D331C719-F0E7-4EDD-ABD2-2A1E88DF0787}.Debug|Any CPU.ActiveCfg = Debug|Any CPU
		{D331C719-F0E7-4EDD-ABD2-2A1E88DF0787}.Debug|Any CPU.Build.0 = Debug|Any CPU
		{D331C719-F0E7-4EDD-ABD2-2A1E88DF0787}.Release|Any CPU.ActiveCfg = Release|Any CPU
		{D331C719-F0E7-4EDD-ABD2-2A1E88DF0787}.Release|Any CPU.Build.0 = Release|Any CPU
	EndGlobalSection
	GlobalSection(SolutionProperties) = preSolution
		HideSolutionNode = FALSE
	EndGlobalSection
	GlobalSection(ExtensibilityGlobals) = postSolution
		SolutionGuid = {07096DF1-ED45-4922-B55C-FAABA82F78A1}
	EndGlobalSection
EndGlobal
